
Microsoft Visual Studio Solution File, Format Version 12.00
# Visual Studio Version 16
VisualStudioVersion = 16.0.30204.135
MinimumVisualStudioVersion = 10.0.40219.1
Project("{FAE04EC0-301F-11D3-BF4B-00C04F79EFBC}") = "TestRabbitMq", "TestRabbitMq\TestRabbitMq.csproj", "{BA5AFA92-8353-4679-A27A-D28CBE39A336}"
EndProject
Global
	GlobalSection(SolutionConfigurationPlatforms) = preSolution
		Debug|Any CPU = Debug|Any CPU
		Release|Any CPU = Release|Any CPU
	EndGlobalSection
	GlobalSection(ProjectConfigurationPlatforms) = postSolution
		{BA5AFA92-8353-4679-A27A-D28CBE39A336}.Debug|Any CPU.ActiveCfg = Debug|Any CPU
		{BA5AFA92-8353-4679-A27A-D28CBE39A336}.Debug|Any CPU.Build.0 = Debug|Any CPU
		{BA5AFA92-8353-4679-A27A-D28CBE39A336}.Release|Any CPU.ActiveCfg = Release|Any CPU
		{BA5AFA92-8353-4679-A27A-D28CBE39A336}.Release|Any CPU.Build.0 = Release|Any CPU
	EndGlobalSection
	GlobalSection(SolutionProperties) = preSolution
		HideSolutionNode = FALSE
	EndGlobalSection
	GlobalSection(ExtensibilityGlobals) = postSolution
		SolutionGuid = {9CFDEBEC-AFBA-4BB7-88AF-3272404C8B02}
	EndGlobalSection
EndGlobal
